
Microsoft Visual Studio Solution File, Format Version 12.00
# Visual Studio 15
VisualStudioVersion = 15.0.27703.2047
MinimumVisualStudioVersion = 10.0.40219.1
Project("{FAE04EC0-301F-11D3-BF4B-00C04F79EFBC}") = "UnreflectedSerializer", "UnreflectedSerializer\UnreflectedSerializer.csproj", "{5A54CA9D-912E-4474-A746-6B139740B16E}"
EndProject
Global
	GlobalSection(SolutionConfigurationPlatforms) = preSolution
		Debug|Any CPU = Debug|Any CPU
		Release|Any CPU = Release|Any CPU
	EndGlobalSection
	GlobalSection(ProjectConfigurationPlatforms) = postSolution
		{5A54CA9D-912E-4474-A746-6B139740B16E}.Debug|Any CPU.ActiveCfg = Debug|Any CPU
		{5A54CA9D-912E-4474-A746-6B139740B16E}.Debug|Any CPU.Build.0 = Debug|Any CPU
		{5A54CA9D-912E-4474-A746-6B139740B16E}.Release|Any CPU.ActiveCfg = Release|Any CPU
		{5A54CA9D-912E-4474-A746-6B139740B16E}.Release|Any CPU.Build.0 = Release|Any CPU
	EndGlobalSection
	GlobalSection(SolutionProperties) = preSolution
		HideSolutionNode = FALSE
	EndGlobalSection
	GlobalSection(ExtensibilityGlobals) = postSolution
		SolutionGuid = {69ADB4C6-1434-42B1-AC32-40D2DBE6E47D}
	EndGlobalSection
EndGlobal
